---
lockfileVersion: '9.0'

importers:

  .:
    configDependencies: {}
    packageManagerDependencies:
      pnpm:
        specifier: 12.10.1
        version: 12.10.1

packages:

  '@pnpm/exe.android-arm64@12.10.1':
    resolution: {integrity: sha512-CVTlHPwNvadQCJD9bGSMzWIhFX8QpjtqC2c27dhdnn/9iKzEjZ3qL62o3gHpKbIuo6qn4WxTKRoaokgNdReBig==}
    cpu: [arm64]
    os: [android]

  '@pnpm/exe.android-x64@12.10.1':
    resolution: {integrity: sha512-NFiYLIaodY7da0XIebwcU3JoP7IK/lzF7zgKSSP+9H+QcFnQ1GDfBkuBKCYJzZ+Xu0WH54neIPLBBCaOjaaauA==}
    cpu: [x64]
    os: [android]

  '@pnpm/exe.darwin-arm64@12.10.1':
    resolution: {integrity: sha512-0O8tdQ8ijlPJudXspLMTcitMkdBEz6uUflazL5uQE0WMs85oQIp0U+5hfEktMFB64QqEhjqlvvujTwbzdr9oMg==}
    cpu: [arm64]
    os: [darwin]

  '@pnpm/exe.darwin-x64@12.10.1':
    resolution: {integrity: sha512-ud+1/uZOKEo8P/AsPynOJc/LNwfI0j6WwCElibj71rU9l4nIBnsSn+wWTIPZPkZ4BBSH5+82azSnAARMyJ1lNA==}
    cpu: [x64]
    os: [darwin]

  '@pnpm/exe.freebsd-x64@12.10.1':
    resolution: {integrity: sha512-mj9PE5rf8uAfQQ2K66HSATMSut+lNiB4eSqFd5+azFVCMnxNSy/32xpZQJT21PhnN3Y4qbK+iKHe5nWAxSuRhw==}
    cpu: [x64]
    os: [freebsd]

  '@pnpm/exe.linux-arm64-musl@12.10.1':
    resolution: {integrity: sha512-xba+00wZJ8Um6rBJJjWl88uJj0tydB8dtomvjlCLvi0uL32vpa9CRP8Vv26FIXvbiZ1bo2RCzYt/eChxJVV52w==}
    cpu: [arm64]
    os: [linux]
    libc: [musl]

  '@pnpm/exe.linux-arm64@12.10.1':
    resolution: {integrity: sha512-oBdMp69ScC9UnniG4qZAQVr2fBDSXjm4yk/72vkEVyrlwS23yMxcRQl7Qdo3sgXPAygY6TWnPRKm4rXzjoyW7w==}
    cpu: [arm64]
    os: [linux]
    libc: [glibc]

  '@pnpm/exe.linux-ppc64@12.10.1':
    resolution: {integrity: sha512-Yyb3wu09h3c7mLme270uHFiVaAIUHC411Ru9LIU2BKUIstrGlXa9OqqVWoXaRgYRdFdOFknkwG7GNn6ygwLbnw==}
    cpu: [ppc64]
    os: [linux]
    libc: [glibc]

  '@pnpm/exe.linux-riscv64@12.10.1':
    resolution: {integrity: sha512-PdkeUFFkybknnGkWP0H22eMpIiS4OZXL5BcQzF4lh+vmrW3IaC2HOkbANKgot/PKO0Kl77pzA/6PKFxgbgfXIQ==}
    cpu: [riscv64]
    os: [linux]
    libc: [glibc]

  '@pnpm/exe.linux-s390x@12.10.1':
    resolution: {integrity: sha512-1okKuHKJwJPAbofDxfhZWAUxEWtee4ZSf7Pah8kcvocaJkf2WxFJ5KVTiNIvDml5GLidDQsgf7Pcf/WHbCak7Q==}
    cpu: [s390x]
    os: [linux]
    libc: [glibc]

  '@pnpm/exe.linux-x64-musl@12.10.1':
    resolution: {integrity: sha512-e6IqzVNkPa7srFKJKnY23uWJ+qz0LaRWiTUo/sHfFXRRMRzB5uNOr6qWWip/jqhdGwU91n9J7LrEYZ6e0tRczw==}
    cpu: [x64]
    os: [linux]
    libc: [musl]

  '@pnpm/exe.linux-x64@12.10.1':
    resolution: {integrity: sha512-ZByV0DRgWzGaDSjT5ddRBASdwz+r/qPMYh7o6RGmPQjtRGNFbSl94xY2DcAM8mqCOZJUUDtAXQ+wpBXcdpKlkg==}
    cpu: [x64]
    os: [linux]
    libc: [glibc]

  '@pnpm/exe.win32-arm64@12.10.1':
    resolution: {integrity: sha512-I7QZHcjioG7orFeCRUFUHByJ1G0zFPnAlaGGyrUvb6MGkv5oeNwNPl7t+Gp+7zHfnMcgLGJ1a+Wfim0IDw3lOw==}
    cpu: [arm64]
    os: [win32]

  '@pnpm/exe.win32-x64@12.10.1':
    resolution: {integrity: sha512-4WJFdp58EKlCj0zLobrXU0vpszSZIr4X/3y/uNbAQqGW0zE+VdruZB0gFc3L2kzsUzVwTYbaCn+XEhnCYSAlTg==}
    cpu: [x64]
    os: [win32]

  pnpm@12.10.1:
    resolution: {integrity: sha512-ukCjfrGjcNYP6oxM8dNkwTvMzvUY6YrSvO6VT1OdONo3RY5YJho/pV4GUjRQ6g//+fSXsTW+QfLBXBZCusrObA==}
    engines: {node: '>=18.*'}
    hasBin: true

snapshots:

  '@pnpm/exe.android-arm64@12.10.1':
    optional: true

  '@pnpm/exe.android-x64@12.10.1':
    optional: true

  '@pnpm/exe.darwin-arm64@12.10.1':
    optional: true

  '@pnpm/exe.darwin-x64@12.10.1':
    optional: true

  '@pnpm/exe.freebsd-x64@12.10.1':
    optional: true

  '@pnpm/exe.linux-arm64-musl@12.10.1':
    optional: true

  '@pnpm/exe.linux-arm64@12.10.1':
    optional: true

  '@pnpm/exe.linux-ppc64@12.10.1':
    optional: true

  '@pnpm/exe.linux-riscv64@12.10.1':
    optional: true

  '@pnpm/exe.linux-s390x@12.10.1':
    optional: true

  '@pnpm/exe.linux-x64-musl@12.10.1':
    optional: true

  '@pnpm/exe.linux-x64@12.10.1':
    optional: true

  '@pnpm/exe.win32-arm64@12.10.1':
    optional: true

  '@pnpm/exe.win32-x64@12.10.1':
    optional: true

  pnpm@12.10.1:
    optionalDependencies:
      '@pnpm/exe.android-arm64': 12.10.1
      '@pnpm/exe.android-x64': 12.10.1
      '@pnpm/exe.darwin-arm64': 12.10.1
      '@pnpm/exe.darwin-x64': 12.10.1
      '@pnpm/exe.freebsd-x64': 12.10.1
      '@pnpm/exe.linux-arm64': 12.10.1
      '@pnpm/exe.linux-arm64-musl': 12.10.1
      '@pnpm/exe.linux-ppc64': 12.10.1
      '@pnpm/exe.linux-riscv64': 12.10.1
      '@pnpm/exe.linux-s390x': 12.10.1
      '@pnpm/exe.linux-x64': 12.10.1
      '@pnpm/exe.linux-x64-musl': 12.10.1
      '@pnpm/exe.win32-arm64': 12.10.1
      '@pnpm/exe.win32-x64': 12.10.1

---
lockfileVersion: '9.0'

settings:
  autoInstallPeers: true
  excludeLinksFromLockfile: false

importers:

  .:
    devDependencies:
      ajv:
        specifier: 8.20.0
        version: 8.20.0
      ajv-formats:
        specifier: 3.0.1
        version: 3.0.1(ajv@8.20.0)

packages:

  ajv-formats@3.0.1:
    resolution: {integrity: sha512-8iUql50EUR+uUcdRQ3HDqa6EVyo3docL8g5WJ3FNcWmu62IbkGUue/pEyLBW8VGKKucTPgqeks4fIU1DA4yowQ==}
    peerDependencies:
      ajv: ^8.0.0
    peerDependenciesMeta:
      ajv:
        optional: true

  ajv@8.20.0:
    resolution: {integrity: sha512-Thbli+OlOj+iMPYFBVBfJ3OmCAnaSyNn4M1vz9T6Gka5Jt9ba/HIR56joy65tY6kx/FCF5VXNB819Y7/GUrBGA==}

  fast-deep-equal@3.1.3:
    resolution: {integrity: sha512-f3qQ9oQy9j2AhBe/H9VC91wLmKBCCU/gDOnKNAYG5hswO7BLKj09Hc5HYNz9cGI++xlpDCIgDaitVs03ATR84Q==}

  fast-uri@3.1.8:
    resolution: {integrity: sha512-GZMtZUTNRpOVIECoXwLNZS5xUGE+mVNbTB8h/7Rwh2TFWcBQiPzTgyZi05BF9UMZKkLJv8XBRJTlU7zg8+ZfMg==}

  json-schema-traverse@1.0.0:
    resolution: {integrity: sha512-NM8/P9n3XjXhIZn1lLhkFaACTOURQXjWhV4BA/RnOv8xvgqtqpAX9IO4mRQxSx1Rlo4tqzeqb0sOlruaOy3dug==}

  require-from-string@2.0.2:
    resolution: {integrity: sha512-Xf0nWe6RseziFMu+Ap9biiUbmplq6S9/p+7w7YXP/JBHhrUDDUhwa+vANyubuqfZWTveU//DYVGsDG7RKL/vEw==}
    engines: {node: '>=0.10.0'}

snapshots:

  ajv-formats@3.0.1(ajv@8.20.0):
    optionalDependencies:
      ajv: 8.20.0

  ajv@8.20.0:
    dependencies:
      fast-deep-equal: 3.1.3
      fast-uri: 3.1.8
      json-schema-traverse: 1.0.0
      require-from-string: 2.0.2

  fast-deep-equal@3.1.3: {}

  fast-uri@3.1.8: {}

  json-schema-traverse@1.0.0: {}

  require-from-string@2.0.2: {}
